
Microsoft Visual Studio Solution File, Format Version 12.00
# Visual Studio Version 17
VisualStudioVersion = 17.8.34330.188
MinimumVisualStudioVersion = 10.0.40219.1
Project("{FAE04EC0-301F-11D3-BF4B-00C04F79EFBC}") = "ConfApp", "ConfApp.csproj", "{D05A5C78-E90A-40A7-9584-DE137139CCE6}"
EndProject
Project("{FAE04EC0-301F-11D3-BF4B-00C04F79EFBC}") = "Readers", "..\Readers\Readers.csproj", "{EEE2C3E1-C7E3-491D-A698-1BF8ABE11179}"
EndProject
Project("{FAE04EC0-301F-11D3-BF4B-00C04F79EFBC}") = "Domain", "..\Domain\Domain.csproj", "{EAC3A573-CADB-4A0F-868E-55618B249522}"
EndProject
Global
	GlobalSection(SolutionConfigurationPlatforms) = preSolution
		Debug|Any CPU = Debug|Any CPU
		Release|Any CPU = Release|Any CPU
	EndGlobalSection
	GlobalSection(ProjectConfigurationPlatforms) = postSolution
		{D05A5C78-E90A-40A7-9584-DE137139CCE6}.Debug|Any CPU.ActiveCfg = Debug|Any CPU
		{D05A5C78-E90A-40A7-9584-DE137139CCE6}.Debug|Any CPU.Build.0 = Debug|Any CPU
		{D05A5C78-E90A-40A7-9584-DE137139CCE6}.Release|Any CPU.ActiveCfg = Release|Any CPU
		{D05A5C78-E90A-40A7-9584-DE137139CCE6}.Release|Any CPU.Build.0 = Release|Any CPU
		{EEE2C3E1-C7E3-491D-A698-1BF8ABE11179}.Debug|Any CPU.ActiveCfg = Debug|Any CPU
		{EEE2C3E1-C7E3-491D-A698-1BF8ABE11179}.Debug|Any CPU.Build.0 = Debug|Any CPU
		{EEE2C3E1-C7E3-491D-A698-1BF8ABE11179}.Release|Any CPU.ActiveCfg = Release|Any CPU
		{EEE2C3E1-C7E3-491D-A698-1BF8ABE11179}.Release|Any CPU.Build.0 = Release|Any CPU
		{EAC3A573-CADB-4A0F-868E-55618B249522}.Debug|Any CPU.ActiveCfg = Debug|Any CPU
		{EAC3A573-CADB-4A0F-868E-55618B249522}.Debug|Any CPU.Build.0 = Debug|Any CPU
		{EAC3A573-CADB-4A0F-868E-55618B249522}.Release|Any CPU.ActiveCfg = Release|Any CPU
		{EAC3A573-CADB-4A0F-868E-55618B249522}.Release|Any CPU.Build.0 = Release|Any CPU
	EndGlobalSection
	GlobalSection(SolutionProperties) = preSolution
		HideSolutionNode = FALSE
	EndGlobalSection
	GlobalSection(ExtensibilityGlobals) = postSolution
		SolutionGuid = {1782F180-0892-4C72-9DD5-797CA0355971}
	EndGlobalSection
EndGlobal
